// !$*UTF8*$!
{
	archiveVersion = 1;
	classes = {
	};
	objectVersion = 46;
	objects = {

/* Begin PBXBuildFile section */
		EBFA4EEF15A6726800EF2532 /* UIKit.framework in Frameworks */ = {isa = PBXBuildFile; fileRef = EBFA4EEE15A6726800EF2532 /* UIKit.framework */; };
		EBFA4EF115A6726800EF2532 /* Foundation.framework in Frameworks */ = {isa = PBXBuildFile; fileRef = EBFA4EF015A6726800EF2532 /* Foundation.framework */; };
		EBFA4EF315A6726800EF2532 /* CoreGraphics.framework in Frameworks */ = {isa = PBXBuildFile; fileRef = EBFA4EF215A6726800EF2532 /* CoreGraphics.framework */; };
		EBFA4EF915A6726800EF2532 /* InfoPlist.strings in Resources */ = {isa = PBXBuildFile; fileRef = EBFA4EF715A6726800EF2532 /* InfoPlist.strings */; };
		EBFA4EFB15A6726800EF2532 /* main.m in Sources */ = {isa = PBXBuildFile; fileRef = EBFA4EFA15A6726800EF2532 /* main.m */; };
		EBFA4EFF15A6726800EF2532 /* CalculatorAppDelegate.m in Sources */ = {isa = PBXBuildFile; fileRef = EBFA4EFE15A6726800EF2532 /* CalculatorAppDelegate.m */; };
		EBFA4F0215A6726800EF2532 /* MainStoryboard.storyboard in Resources */ = {isa = PBXBuildFile; fileRef = EBFA4F0015A6726800EF2532 /* MainStoryboard.storyboard */; };
		EBFA4F0515A6726800EF2532 /* CalculatorViewController.m in Sources */ = {isa = PBXBuildFile; fileRef = EBFA4F0415A6726800EF2532 /* CalculatorViewController.m */; };
		EBFA4F0D15A6863A00EF2532 /* CalculatorBrain.m in Sources */ = {isa = PBXBuildFile; fileRef = EBFA4F0C15A6863A00EF2532 /* CalculatorBrain.m */; };
/* End PBXBuildFile section */

/* Begin PBXFileReference section */
		EBFA4EEA15A6726800EF2532 /* Calculator.app */ = {isa = PBXFileReference; explicitFileType = wrapper.application; includeInIndex = 0; path = Calculator.app; sourceTree = BUILT_PRODUCTS_DIR; };
		EBFA4EEE15A6726800EF2532 /* UIKit.framework */ = {isa = PBXFileReference; lastKnownFileType = wrapper.framework; name = UIKit.framework; path = System/Library/Frameworks/UIKit.framework; sourceTree = SDKROOT; };
		EBFA4EF015A6726800EF2532 /* Foundation.framework */ = {isa = PBXFileReference; lastKnownFileType = wrapper.framework; name = Foundation.framework; path = System/Library/Frameworks/Foundation.framework; sourceTree = SDKROOT; };
		EBFA4EF215A6726800EF2532 /* CoreGraphics.framework */ = {isa = PBXFileReference; lastKnownFileType = wrapper.framework; name = CoreGraphics.framework; path = System/Library/Frameworks/CoreGraphics.framework; sourceTree = SDKROOT; };
		EBFA4EF615A6726800EF2532 /* Calculator-Info.plist */ = {isa = PBXFileReference; lastKnownFileType = text.plist.xml; path = "Calculator-Info.plist"; sourceTree = "<group>"; };
		EBFA4EF815A6726800EF2532 /* en */ = {isa = PBXFileReference; lastKnownFileType = text.plist.strings; name = en; path = en.lproj/InfoPlist.strings; sourceTree = "<group>"; };
		EBFA4EFA15A6726800EF2532 /* main.m */ = {isa = PBXFileReference; lastKnownFileType = sourcecode.c.objc; path = main.m; sourceTree = "<group>"; };
		EBFA4EFC15A6726800EF2532 /* Calculator-Prefix.pch */ = {isa = PBXFileReference; lastKnownFileType = sourcecode.c.h; path = "Calculator-Prefix.pch"; sourceTree = "<group>"; };
		EBFA4EFD15A6726800EF2532 /* CalculatorAppDelegate.h */ = {isa = PBXFileReference; lastKnownFileType = sourcecode.c.h; path = CalculatorAppDelegate.h; sourceTree = "<group>"; };
		EBFA4EFE15A6726800EF2532 /* CalculatorAppDelegate.m */ = {isa = PBXFileReference; lastKnownFileType = sourcecode.c.objc; path = CalculatorAppDelegate.m; sourceTree = "<group>"; };
		EBFA4F0115A6726800EF2532 /* en */ = {isa = PBXFileReference; lastKnownFileType = file.storyboard; name = en; path = en.lproj/MainStoryboard.storyboard; sourceTree = "<group>"; };
		EBFA4F0315A6726800EF2532 /* CalculatorViewController.h */ = {isa = PBXFileReference; lastKnownFileType = sourcecode.c.h; path = CalculatorViewController.h; sourceTree = "<group>"; };
		EBFA4F0415A6726800EF2532 /* CalculatorViewController.m */ = {isa = PBXFileReference; lastKnownFileType = sourcecode.c.objc; path = CalculatorViewController.m; sourceTree = "<group>"; };
		EBFA4F0B15A6863A00EF2532 /* CalculatorBrain.h */ = {isa = PBXFileReference; fileEncoding = 4; lastKnownFileType = sourcecode.c.h; name = CalculatorBrain.h; path = Calculator/CalculatorBrain.h; sourceTree = "<group>"; };
		EBFA4F0C15A6863A00EF2532 /* CalculatorBrain.m */ = {isa = PBXFileReference; fileEncoding = 4; lastKnownFileType = sourcecode.c.objc; name = CalculatorBrain.m; path = Calculator/CalculatorBrain.m; sourceTree = "<group>"; };
/* End PBXFileReference section */

/* Begin PBXFrameworksBuildPhase section */
		EBFA4EE715A6726800EF2532 /* Frameworks */ = {
			isa = PBXFrameworksBuildPhase;
			buildActionMask = 2147483647;
			files = (
				EBFA4EEF15A6726800EF2532 /* UIKit.framework in Frameworks */,
				EBFA4EF115A6726800EF2532 /* Foundation.framework in Frameworks */,
				EBFA4EF315A6726800EF2532 /* CoreGraphics.framework in Frameworks */,
			);
			runOnlyForDeploymentPostprocessing = 0;
		};
/* End PBXFrameworksBuildPhase section */

/* Begin PBXGroup section */
		EBFA4EDF15A6726800EF2532 = {
			isa = PBXGroup;
			children = (
				EBFA4F0B15A6863A00EF2532 /* CalculatorBrain.h */,
				EBFA4F0C15A6863A00EF2532 /* CalculatorBrain.m */,
				EBFA4EF415A6726800EF2532 /* Calculator */,
				EBFA4EED15A6726800EF2532 /* Frameworks */,
				EBFA4EEB15A6726800EF2532 /* Products */,
			);
			sourceTree = "<group>";
		};
		EBFA4EEB15A6726800EF2532 /* Products */ = {
			isa = PBXGroup;
			children = (
				EBFA4EEA15A6726800EF2532 /* Calculator.app */,
			);
			name = Products;
			sourceTree = "<group>";
		};
		EBFA4EED15A6726800EF2532 /* Frameworks */ = {
			isa = PBXGroup;
			children = (
				EBFA4EEE15A6726800EF2532 /* UIKit.framework */,
				EBFA4EF015A6726800EF2532 /* Foundation.framework */,
				EBFA4EF215A6726800EF2532 /* CoreGraphics.framework */,
			);
			name = Frameworks;
			sourceTree = "<group>";
		};
		EBFA4EF415A6726800EF2532 /* Calculator */ = {
			isa = PBXGroup;
			children = (
				EBFA4EFD15A6726800EF2532 /* CalculatorAppDelegate.h */,
				EBFA4EFE15A6726800EF2532 /* CalculatorAppDelegate.m */,
				EBFA4F0015A6726800EF2532 /* MainStoryboard.storyboard */,
				EBFA4F0315A6726800EF2532 /* CalculatorViewController.h */,
				EBFA4F0415A6726800EF2532 /* CalculatorViewController.m */,
				EBFA4EF515A6726800EF2532 /* Supporting Files */,
			);
			path = Calculator;
			sourceTree = "<group>";
		};
		EBFA4EF515A6726800EF2532 /* Supporting Files */ = {
			isa = PBXGroup;
			children = (
				EBFA4EF615A6726800EF2532 /* Calculator-Info.plist */,
				EBFA4EF715A6726800EF2532 /* InfoPlist.strings */,
				EBFA4EFA15A6726800EF2532 /* main.m */,
				EBFA4EFC15A6726800EF2532 /* Calculator-Prefix.pch */,
			);
			name = "Supporting Files";
			sourceTree = "<group>";
		};
/* End PBXGroup section */

/* Begin PBXNativeTarget section */
		EBFA4EE915A6726800EF2532 /* Calculator */ = {
			isa = PBXNativeTarget;
			buildConfigurationList = EBFA4F0815A6726800EF2532 /* Build configuration list for PBXNativeTarget "Calculator" */;
			buildPhases = (
				EBFA4EE615A6726800EF2532 /* Sources */,
				EBFA4EE715A6726800EF2532 /* Frameworks */,
				EBFA4EE815A6726800EF2532 /* Resources */,
			);
			buildRules = (
			);
			dependencies = (
			);
			name = Calculator;
			productName = Calculator;
			productReference = EBFA4EEA15A6726800EF2532 /* Calculator.app */;
			productType = "com.apple.product-type.application";
		};
/* End PBXNativeTarget section */

/* Begin PBXProject section */
		EBFA4EE115A6726800EF2532 /* Project object */ = {
			isa = PBXProject;
			attributes = {
				CLASSPREFIX = Calculator;
				LastUpgradeCheck = 0430;
			};
			buildConfigurationList = EBFA4EE415A6726800EF2532 /* Build configuration list for PBXProject "Calculator" */;
			compatibilityVersion = "Xcode 3.2";
			developmentRegion = English;
			hasScannedForEncodings = 0;
			knownRegions = (
				en,
			);
			mainGroup = EBFA4EDF15A6726800EF2532;
			productRefGroup = EBFA4EEB15A6726800EF2532 /* Products */;
			projectDirPath = "";
			projectRoot = "";
			targets = (
				EBFA4EE915A6726800EF2532 /* Calculator */,
			);
		};
/* End PBXProject section */

/* Begin PBXResourcesBuildPhase section */
		EBFA4EE815A6726800EF2532 /* Resources */ = {
			isa = PBXResourcesBuildPhase;
			buildActionMask = 2147483647;
			files = (
				EBFA4EF915A6726800EF2532 /* InfoPlist.strings in Resources */,
				EBFA4F0215A6726800EF2532 /* MainStoryboard.storyboard in Resources */,
			);
			runOnlyForDeploymentPostprocessing = 0;
		};
/* End PBXResourcesBuildPhase section */

/* Begin PBXSourcesBuildPhase section */
		EBFA4EE615A6726800EF2532 /* Sources */ = {
			isa = PBXSourcesBuildPhase;
			buildActionMask = 2147483647;
			files = (
				EBFA4EFB15A6726800EF2532 /* main.m in Sources */,
				EBFA4EFF15A6726800EF2532 /* CalculatorAppDelegate.m in Sources */,
				EBFA4F0515A6726800EF2532 /* CalculatorViewController.m in Sources */,
				EBFA4F0D15A6863A00EF2532 /* CalculatorBrain.m in Sources */,
			);
			runOnlyForDeploymentPostprocessing = 0;
		};
/* End PBXSourcesBuildPhase section */

/* Begin PBXVariantGroup section */
		EBFA4EF715A6726800EF2532 /* InfoPlist.strings */ = {
			isa = PBXVariantGroup;
			children = (
				EBFA4EF815A6726800EF2532 /* en */,
			);
			name = InfoPlist.strings;
			sourceTree = "<group>";
		};
		EBFA4F0015A6726800EF2532 /* MainStoryboard.storyboard */ = {
			isa = PBXVariantGroup;
			children = (
				EBFA4F0115A6726800EF2532 /* en */,
			);
			name = MainStoryboard.storyboard;
			sourceTree = "<group>";
		};
/* End PBXVariantGroup section */

/* Begin XCBuildConfiguration section */
		EBFA4F0615A6726800EF2532 /* Debug */ = {
			isa = XCBuildConfiguration;
			buildSettings = {
				ALWAYS_SEARCH_USER_PATHS = NO;
				ARCHS = "$(ARCHS_STANDARD_32_BIT)";
				CLANG_ENABLE_OBJC_ARC = YES;
				"CODE_SIGN_IDENTITY[sdk=iphoneos*]" = "iPhone Developer";
				COPY_PHASE_STRIP = NO;
				GCC_C_LANGUAGE_STANDARD = gnu99;
				GCC_DYNAMIC_NO_PIC = NO;
				GCC_OPTIMIZATION_LEVEL = 0;
				GCC_PREPROCESSOR_DEFINITIONS = (
					"DEBUG=1",
					"$(inherited)",
				);
				GCC_SYMBOLS_PRIVATE_EXTERN = NO;
				GCC_VERSION = com.apple.compilers.llvm.clang.1_0;
				GCC_WARN_ABOUT_RETURN_TYPE = YES;
				GCC_WARN_UNINITIALIZED_AUTOS = YES;
				GCC_WARN_UNUSED_VARIABLE = YES;
				IPHONEOS_DEPLOYMENT_TARGET = 5.1;
				SDKROOT = iphoneos;
			};
			name = Debug;
		};
		EBFA4F0715A6726800EF2532 /* Release */ = {
			isa = XCBuildConfiguration;
			buildSettings = {
				ALWAYS_SEARCH_USER_PATHS = NO;
				ARCHS = "$(ARCHS_STANDARD_32_BIT)";
				CLANG_ENABLE_OBJC_ARC = YES;
				"CODE_SIGN_IDENTITY[sdk=iphoneos*]" = "iPhone Developer";
				COPY_PHASE_STRIP = YES;
				GCC_C_LANGUAGE_STANDARD = gnu99;
				GCC_VERSION = com.apple.compilers.llvm.clang.1_0;
				GCC_WARN_ABOUT_RETURN_TYPE = YES;
				GCC_WARN_UNINITIALIZED_AUTOS = YES;
				GCC_WARN_UNUSED_VARIABLE = YES;
				IPHONEOS_DEPLOYMENT_TARGET = 5.1;
				OTHER_CFLAGS = "-DNS_BLOCK_ASSERTIONS=1";
				SDKROOT = iphoneos;
				VALIDATE_PRODUCT = YES;
			};
			name = Release;
		};
		EBFA4F0915A6726800EF2532 /* Debug */ = {
			isa = XCBuildConfiguration;
			buildSettings = {
				GCC_PRECOMPILE_PREFIX_HEADER = YES;
				GCC_PREFIX_HEADER = "Calculator/Calculator-Prefix.pch";
				INFOPLIST_FILE = "Calculator/Calculator-Info.plist";
				PRODUCT_NAME = "$(TARGET_NAME)";
				WRAPPER_EXTENSION = app;
			};
			name = Debug;
		};
		EBFA4F0A15A6726800EF2532 /* Release */ = {
			isa = XCBuildConfiguration;
			buildSettings = {
				GCC_PRECOMPILE_PREFIX_HEADER = YES;
				GCC_PREFIX_HEADER = "Calculator/Calculator-Prefix.pch";
				INFOPLIST_FILE = "Calculator/Calculator-Info.plist";
				PRODUCT_NAME = "$(TARGET_NAME)";
				WRAPPER_EXTENSION = app;
			};
			name = Release;
		};
/* End XCBuildConfiguration section */

/* Begin XCConfigurationList section */
		EBFA4EE415A6726800EF2532 /* Build configuration list for PBXProject "Calculator" */ = {
			isa = XCConfigurationList;
			buildConfigurations = (
				EBFA4F0615A6726800EF2532 /* Debug */,
				EBFA4F0715A6726800EF2532 /* Release */,
			);
			defaultConfigurationIsVisible = 0;
			defaultConfigurationName = Release;
		};
		EBFA4F0815A6726800EF2532 /* Build configuration list for PBXNativeTarget "Calculator" */ = {
			isa = XCConfigurationList;
			buildConfigurations = (
				EBFA4F0915A6726800EF2532 /* Debug */,
				EBFA4F0A15A6726800EF2532 /* Release */,
			);
			defaultConfigurationIsVisible = 0;
		};
/* End XCConfigurationList section */
	};
	rootObject = EBFA4EE115A6726800EF2532 /* Project object */;
}
